// !$*UTF8*$!
{
	archiveVersion = 1;
	classes = {
	};
	objectVersion = 55;
	objects = {

/* Begin PBXBuildFile section */
		6F23EF672ED33CC500C5956E /* AppDelegate.swift in Sources */ = {isa = PBXBuildFile; fileRef = 6F23EF662ED33CC500C5956E /* AppDelegate.swift */; };
		6F23EF692ED33CC500C5956E /* SceneDelegate.swift in Sources */ = {isa = PBXBuildFile; fileRef = 6F23EF682ED33CC500C5956E /* SceneDelegate.swift */; };
		6F23EF6B2ED33CC500C5956E /* ViewController.swift in Sources */ = {isa = PBXBuildFile; fileRef = 6F23EF6A2ED33CC500C5956E /* ViewController.swift */; };
		6F23EF6E2ED33CC500C5956E /* Main.storyboard in Resources */ = {isa = PBXBuildFile; fileRef = 6F23EF6C2ED33CC500C5956E /* Main.storyboard */; };
		6F23EF702ED33CC700C5956E /* Assets.xcassets in Resources */ = {isa = PBXBuildFile; fileRef = 6F23EF6F2ED33CC700C5956E /* Assets.xcassets */; };
		6F23EF732ED33CC700C5956E /* LaunchScreen.storyboard in Resources */ = {isa = PBXBuildFile; fileRef = 6F23EF712ED33CC700C5956E /* LaunchScreen.storyboard */; };
		6F23EF7E2ED33CC700C5956E /* SwiftSampleTests.swift in Sources */ = {isa = PBXBuildFile; fileRef = 6F23EF7D2ED33CC700C5956E /* SwiftSampleTests.swift */; };
		6F23EF882ED33CC700C5956E /* SwiftSampleUITests.swift in Sources */ = {isa = PBXBuildFile; fileRef = 6F23EF872ED33CC700C5956E /* SwiftSampleUITests.swift */; };
		6F23EF8A2ED33CC700C5956E /* SwiftSampleUITestsLaunchTests.swift in Sources */ = {isa = PBXBuildFile; fileRef = 6F23EF892ED33CC700C5956E /* SwiftSampleUITestsLaunchTests.swift */; };
		6F23EF9B2ED33F5100C5956E /* MainTabBarController.swift in Sources */ = {isa = PBXBuildFile; fileRef = 6F23EF962ED33F5000C5956E /* MainTabBarController.swift */; };
		6F23EF9C2ED33F5100C5956E /* MainTabBarController.swift in Sources */ = {isa = PBXBuildFile; fileRef = 6F23EF962ED33F5000C5956E /* MainTabBarController.swift */; };
		6F23EF9D2ED33F5100C5956E /* MainTabBarController.swift in Sources */ = {isa = PBXBuildFile; fileRef = 6F23EF962ED33F5000C5956E /* MainTabBarController.swift */; };
		6F23EF9E2ED33F5100C5956E /* ProfileViewController.swift in Sources */ = {isa = PBXBuildFile; fileRef = 6F23EF972ED33F5000C5956E /* ProfileViewController.swift */; };
		6F23EF9F2ED33F5100C5956E /* ProfileViewController.swift in Sources */ = {isa = PBXBuildFile; fileRef = 6F23EF972ED33F5000C5956E /* ProfileViewController.swift */; };
		6F23EFA02ED33F5100C5956E /* ProfileViewController.swift in Sources */ = {isa = PBXBuildFile; fileRef = 6F23EF972ED33F5000C5956E /* ProfileViewController.swift */; };
		6F23EFA12ED33F5100C5956E /* HomeViewController.swift in Sources */ = {isa = PBXBuildFile; fileRef = 6F23EF982ED33F5000C5956E /* HomeViewController.swift */; };
		6F23EFA22ED33F5100C5956E /* HomeViewController.swift in Sources */ = {isa = PBXBuildFile; fileRef = 6F23EF982ED33F5000C5956E /* HomeViewController.swift */; };
		6F23EFA32ED33F5100C5956E /* HomeViewController.swift in Sources */ = {isa = PBXBuildFile; fileRef = 6F23EF982ED33F5000C5956E /* HomeViewController.swift */; };
		6F23EFA42ED33F5100C5956E /* HotViewController.swift in Sources */ = {isa = PBXBuildFile; fileRef = 6F23EF992ED33F5000C5956E /* HotViewController.swift */; };
		6F23EFA52ED33F5100C5956E /* HotViewController.swift in Sources */ = {isa = PBXBuildFile; fileRef = 6F23EF992ED33F5000C5956E /* HotViewController.swift */; };
		6F23EFA62ED33F5100C5956E /* HotViewController.swift in Sources */ = {isa = PBXBuildFile; fileRef = 6F23EF992ED33F5000C5956E /* HotViewController.swift */; };
		6F23EFA72ED33F5100C5956E /* DiscoveryViewController.swift in Sources */ = {isa = PBXBuildFile; fileRef = 6F23EF9A2ED33F5000C5956E /* DiscoveryViewController.swift */; };
		6F23EFA82ED33F5100C5956E /* DiscoveryViewController.swift in Sources */ = {isa = PBXBuildFile; fileRef = 6F23EF9A2ED33F5000C5956E /* DiscoveryViewController.swift */; };
		6F23EFA92ED33F5100C5956E /* DiscoveryViewController.swift in Sources */ = {isa = PBXBuildFile; fileRef = 6F23EF9A2ED33F5000C5956E /* DiscoveryViewController.swift */; };
		6F23EFAF2ED35C4400C5956E /* HomeTableViewCell.swift in Sources */ = {isa = PBXBuildFile; fileRef = 6F23EFAE2ED35C4400C5956E /* HomeTableViewCell.swift */; };
		706839032DFA4F13ECF4FFB0 /* libPods-SwiftSampleTests.a in Frameworks */ = {isa = PBXBuildFile; fileRef = 8186BAFCAB935D2D54212F4C /* libPods-SwiftSampleTests.a */; };
		8228FB3E32C1B0BFA5CD7810 /* libPods-SwiftSampleUITests.a in Frameworks */ = {isa = PBXBuildFile; fileRef = E1A4D9F8D710DB54376EC236 /* libPods-SwiftSampleUITests.a */; };
		AAF7AA807111F2CBA8647E8A /* Pods_SwiftSample.framework in Frameworks */ = {isa = PBXBuildFile; fileRef = B983A0CF1FA0215452FF00DD /* Pods_SwiftSample.framework */; };
/* End PBXBuildFile section */

/* Begin PBXContainerItemProxy section */
		6F23EF7A2ED33CC700C5956E /* PBXContainerItemProxy */ = {
			isa = PBXContainerItemProxy;
			containerPortal = 6F23EF5B2ED33CC500C5956E /* Project object */;
			proxyType = 1;
			remoteGlobalIDString = 6F23EF622ED33CC500C5956E;
			remoteInfo = SwiftSample;
		};
		6F23EF842ED33CC700C5956E /* PBXContainerItemProxy */ = {
			isa = PBXContainerItemProxy;
			containerPortal = 6F23EF5B2ED33CC500C5956E /* Project object */;
			proxyType = 1;
			remoteGlobalIDString = 6F23EF622ED33CC500C5956E;
			remoteInfo = SwiftSample;
		};
/* End PBXContainerItemProxy section */

/* Begin PBXFileReference section */
		278588CF5173FECA8935FAD7 /* Pods-SwiftSample-SwiftSampleUITests.debug.xcconfig */ = {isa = PBXFileReference; includeInIndex = 1; lastKnownFileType = text.xcconfig; name = "Pods-SwiftSample-SwiftSampleUITests.debug.xcconfig"; path = "Target Support Files/Pods-SwiftSample-SwiftSampleUITests/Pods-SwiftSample-SwiftSampleUITests.debug.xcconfig"; sourceTree = "<group>"; };
		2E86EED5F8A073BEBE9B8997 /* Pods-SwiftSampleTests.release.xcconfig */ = {isa = PBXFileReference; includeInIndex = 1; lastKnownFileType = text.xcconfig; name = "Pods-SwiftSampleTests.release.xcconfig"; path = "Target Support Files/Pods-SwiftSampleTests/Pods-SwiftSampleTests.release.xcconfig"; sourceTree = "<group>"; };
		5AE085F7606FA1D002AE6585 /* Pods-SwiftSampleUITests.release.xcconfig */ = {isa = PBXFileReference; includeInIndex = 1; lastKnownFileType = text.xcconfig; name = "Pods-SwiftSampleUITests.release.xcconfig"; path = "Target Support Files/Pods-SwiftSampleUITests/Pods-SwiftSampleUITests.release.xcconfig"; sourceTree = "<group>"; };
		6F23EF632ED33CC500C5956E /* SwiftSample.app */ = {isa = PBXFileReference; explicitFileType = wrapper.application; includeInIndex = 0; path = SwiftSample.app; sourceTree = BUILT_PRODUCTS_DIR; };
		6F23EF662ED33CC500C5956E /* AppDelegate.swift */ = {isa = PBXFileReference; lastKnownFileType = sourcecode.swift; path = AppDelegate.swift; sourceTree = "<group>"; };
		6F23EF682ED33CC500C5956E /* SceneDelegate.swift */ = {isa = PBXFileReference; lastKnownFileType = sourcecode.swift; path = SceneDelegate.swift; sourceTree = "<group>"; };
		6F23EF6A2ED33CC500C5956E /* ViewController.swift */ = {isa = PBXFileReference; lastKnownFileType = sourcecode.swift; path = ViewController.swift; sourceTree = "<group>"; };
		6F23EF6D2ED33CC500C5956E /* Base */ = {isa = PBXFileReference; lastKnownFileType = file.storyboard; name = Base; path = Base.lproj/Main.storyboard; sourceTree = "<group>"; };
		6F23EF6F2ED33CC700C5956E /* Assets.xcassets */ = {isa = PBXFileReference; lastKnownFileType = folder.assetcatalog; path = Assets.xcassets; sourceTree = "<group>"; };
		6F23EF722ED33CC700C5956E /* Base */ = {isa = PBXFileReference; lastKnownFileType = file.storyboard; name = Base; path = Base.lproj/LaunchScreen.storyboard; sourceTree = "<group>"; };
		6F23EF742ED33CC700C5956E /* Info.plist */ = {isa = PBXFileReference; lastKnownFileType = text.plist.xml; path = Info.plist; sourceTree = "<group>"; };
		6F23EF792ED33CC700C5956E /* SwiftSampleTests.xctest */ = {isa = PBXFileReference; explicitFileType = wrapper.cfbundle; includeInIndex = 0; path = SwiftSampleTests.xctest; sourceTree = BUILT_PRODUCTS_DIR; };
		6F23EF7D2ED33CC700C5956E /* SwiftSampleTests.swift */ = {isa = PBXFileReference; lastKnownFileType = sourcecode.swift; path = SwiftSampleTests.swift; sourceTree = "<group>"; };
		6F23EF832ED33CC700C5956E /* SwiftSampleUITests.xctest */ = {isa = PBXFileReference; explicitFileType = wrapper.cfbundle; includeInIndex = 0; path = SwiftSampleUITests.xctest; sourceTree = BUILT_PRODUCTS_DIR; };
		6F23EF872ED33CC700C5956E /* SwiftSampleUITests.swift */ = {isa = PBXFileReference; lastKnownFileType = sourcecode.swift; path = SwiftSampleUITests.swift; sourceTree = "<group>"; };
		6F23EF892ED33CC700C5956E /* SwiftSampleUITestsLaunchTests.swift */ = {isa = PBXFileReference; lastKnownFileType = sourcecode.swift; path = SwiftSampleUITestsLaunchTests.swift; sourceTree = "<group>"; };
		6F23EF962ED33F5000C5956E /* MainTabBarController.swift */ = {isa = PBXFileReference; fileEncoding = 4; lastKnownFileType = sourcecode.swift; path = MainTabBarController.swift; sourceTree = "<group>"; };
		6F23EF972ED33F5000C5956E /* ProfileViewController.swift */ = {isa = PBXFileReference; fileEncoding = 4; lastKnownFileType = sourcecode.swift; path = ProfileViewController.swift; sourceTree = "<group>"; };
		6F23EF982ED33F5000C5956E /* HomeViewController.swift */ = {isa = PBXFileReference; fileEncoding = 4; lastKnownFileType = sourcecode.swift; path = HomeViewController.swift; sourceTree = "<group>"; };
		6F23EF992ED33F5000C5956E /* HotViewController.swift */ = {isa = PBXFileReference; fileEncoding = 4; lastKnownFileType = sourcecode.swift; path = HotViewController.swift; sourceTree = "<group>"; };
		6F23EF9A2ED33F5000C5956E /* DiscoveryViewController.swift */ = {isa = PBXFileReference; fileEncoding = 4; lastKnownFileType = sourcecode.swift; path = DiscoveryViewController.swift; sourceTree = "<group>"; };
		6F23EFAE2ED35C4400C5956E /* HomeTableViewCell.swift */ = {isa = PBXFileReference; fileEncoding = 4; lastKnownFileType = sourcecode.swift; path = HomeTableViewCell.swift; sourceTree = "<group>"; };
		7A2115DB001A0B1538B209B6 /* Pods-SwiftSample.debug.xcconfig */ = {isa = PBXFileReference; includeInIndex = 1; lastKnownFileType = text.xcconfig; name = "Pods-SwiftSample.debug.xcconfig"; path = "Target Support Files/Pods-SwiftSample/Pods-SwiftSample.debug.xcconfig"; sourceTree = "<group>"; };
		8186BAFCAB935D2D54212F4C /* libPods-SwiftSampleTests.a */ = {isa = PBXFileReference; explicitFileType = archive.ar; includeInIndex = 0; path = "libPods-SwiftSampleTests.a"; sourceTree = BUILT_PRODUCTS_DIR; };
		860DB12E4D8B9EF21BC6F7BC /* Pods-SwiftSample.release.xcconfig */ = {isa = PBXFileReference; includeInIndex = 1; lastKnownFileType = text.xcconfig; name = "Pods-SwiftSample.release.xcconfig"; path = "Target Support Files/Pods-SwiftSample/Pods-SwiftSample.release.xcconfig"; sourceTree = "<group>"; };
		9620B04170B9D763E90F225D /* Pods-SwiftSampleUITests.debug.xcconfig */ = {isa = PBXFileReference; includeInIndex = 1; lastKnownFileType = text.xcconfig; name = "Pods-SwiftSampleUITests.debug.xcconfig"; path = "Target Support Files/Pods-SwiftSampleUITests/Pods-SwiftSampleUITests.debug.xcconfig"; sourceTree = "<group>"; };
		B983A0CF1FA0215452FF00DD /* Pods_SwiftSample.framework */ = {isa = PBXFileReference; explicitFileType = wrapper.framework; includeInIndex = 0; path = Pods_SwiftSample.framework; sourceTree = BUILT_PRODUCTS_DIR; };
		E09332C22266BC9AA1F55693 /* Pods-SwiftSampleTests.debug.xcconfig */ = {isa = PBXFileReference; includeInIndex = 1; lastKnownFileType = text.xcconfig; name = "Pods-SwiftSampleTests.debug.xcconfig"; path = "Target Support Files/Pods-SwiftSampleTests/Pods-SwiftSampleTests.debug.xcconfig"; sourceTree = "<group>"; };
		E1A4D9F8D710DB54376EC236 /* libPods-SwiftSampleUITests.a */ = {isa = PBXFileReference; explicitFileType = archive.ar; includeInIndex = 0; path = "libPods-SwiftSampleUITests.a"; sourceTree = BUILT_PRODUCTS_DIR; };
		F43E06FA5C744CC468A84F8C /* Pods-SwiftSample-SwiftSampleUITests.release.xcconfig */ = {isa = PBXFileReference; includeInIndex = 1; lastKnownFileType = text.xcconfig; name = "Pods-SwiftSample-SwiftSampleUITests.release.xcconfig"; path = "Target Support Files/Pods-SwiftSample-SwiftSampleUITests/Pods-SwiftSample-SwiftSampleUITests.release.xcconfig"; sourceTree = "<group>"; };
/* End PBXFileReference section */

/* Begin PBXFrameworksBuildPhase section */
		6F23EF602ED33CC500C5956E /* Frameworks */ = {
			isa = PBXFrameworksBuildPhase;
			buildActionMask = 2147483647;
			files = (
				AAF7AA807111F2CBA8647E8A /* Pods_SwiftSample.framework in Frameworks */,
			);
			runOnlyForDeploymentPostprocessing = 0;
		};
		6F23EF762ED33CC700C5956E /* Frameworks */ = {
			isa = PBXFrameworksBuildPhase;
			buildActionMask = 2147483647;
			files = (
				706839032DFA4F13ECF4FFB0 /* libPods-SwiftSampleTests.a in Frameworks */,
			);
			runOnlyForDeploymentPostprocessing = 0;
		};
		6F23EF802ED33CC700C5956E /* Frameworks */ = {
			isa = PBXFrameworksBuildPhase;
			buildActionMask = 2147483647;
			files = (
				8228FB3E32C1B0BFA5CD7810 /* libPods-SwiftSampleUITests.a in Frameworks */,
			);
			runOnlyForDeploymentPostprocessing = 0;
		};
/* End PBXFrameworksBuildPhase section */

/* Begin PBXGroup section */
		6F23EF5A2ED33CC500C5956E = {
			isa = PBXGroup;
			children = (
				6F23EF652ED33CC500C5956E /* SwiftSample */,
				6F23EF7C2ED33CC700C5956E /* SwiftSampleTests */,
				6F23EF862ED33CC700C5956E /* SwiftSampleUITests */,
				6F23EF642ED33CC500C5956E /* Products */,
				BED767358E7EA6B466629435 /* Pods */,
				E1190A59E47F8E7A3AFF300A /* Frameworks */,
			);
			sourceTree = "<group>";
		};
		6F23EF642ED33CC500C5956E /* Products */ = {
			isa = PBXGroup;
			children = (
				6F23EF632ED33CC500C5956E /* SwiftSample.app */,
				6F23EF792ED33CC700C5956E /* SwiftSampleTests.xctest */,
				6F23EF832ED33CC700C5956E /* SwiftSampleUITests.xctest */,
			);
			name = Products;
			sourceTree = "<group>";
		};
		6F23EF652ED33CC500C5956E /* SwiftSample */ = {
			isa = PBXGroup;
			children = (
				6F23EFAD2ED3570B00C5956E /* Profile */,
				6F23EFAC2ED356FB00C5956E /* Discovery */,
				6F23EFAA2ED356E000C5956E /* Home */,
				6F23EFAB2ED356EB00C5956E /* Hot */,
				6F23EF662ED33CC500C5956E /* AppDelegate.swift */,
				6F23EF682ED33CC500C5956E /* SceneDelegate.swift */,
				6F23EF6A2ED33CC500C5956E /* ViewController.swift */,
				6F23EF962ED33F5000C5956E /* MainTabBarController.swift */,
				6F23EF6C2ED33CC500C5956E /* Main.storyboard */,
				6F23EF6F2ED33CC700C5956E /* Assets.xcassets */,
				6F23EF712ED33CC700C5956E /* LaunchScreen.storyboard */,
				6F23EF742ED33CC700C5956E /* Info.plist */,
			);
			path = SwiftSample;
			sourceTree = "<group>";
		};
		6F23EF7C2ED33CC700C5956E /* SwiftSampleTests */ = {
			isa = PBXGroup;
			children = (
				6F23EF7D2ED33CC700C5956E /* SwiftSampleTests.swift */,
			);
			path = SwiftSampleTests;
			sourceTree = "<group>";
		};
		6F23EF862ED33CC700C5956E /* SwiftSampleUITests */ = {
			isa = PBXGroup;
			children = (
				6F23EF872ED33CC700C5956E /* SwiftSampleUITests.swift */,
				6F23EF892ED33CC700C5956E /* SwiftSampleUITestsLaunchTests.swift */,
			);
			path = SwiftSampleUITests;
			sourceTree = "<group>";
		};
		6F23EFAA2ED356E000C5956E /* Home */ = {
			isa = PBXGroup;
			children = (
				6F23EFAE2ED35C4400C5956E /* HomeTableViewCell.swift */,
				6F23EF982ED33F5000C5956E /* HomeViewController.swift */,
			);
			path = Home;
			sourceTree = "<group>";
		};
		6F23EFAB2ED356EB00C5956E /* Hot */ = {
			isa = PBXGroup;
			children = (
				6F23EF992ED33F5000C5956E /* HotViewController.swift */,
			);
			path = Hot;
			sourceTree = "<group>";
		};
		6F23EFAC2ED356FB00C5956E /* Discovery */ = {
			isa = PBXGroup;
			children = (
				6F23EF9A2ED33F5000C5956E /* DiscoveryViewController.swift */,
			);
			path = Discovery;
			sourceTree = "<group>";
		};
		6F23EFAD2ED3570B00C5956E /* Profile */ = {
			isa = PBXGroup;
			children = (
				6F23EF972ED33F5000C5956E /* ProfileViewController.swift */,
			);
			path = Profile;
			sourceTree = "<group>";
		};
		BED767358E7EA6B466629435 /* Pods */ = {
			isa = PBXGroup;
			children = (
				7A2115DB001A0B1538B209B6 /* Pods-SwiftSample.debug.xcconfig */,
				860DB12E4D8B9EF21BC6F7BC /* Pods-SwiftSample.release.xcconfig */,
				278588CF5173FECA8935FAD7 /* Pods-SwiftSample-SwiftSampleUITests.debug.xcconfig */,
				F43E06FA5C744CC468A84F8C /* Pods-SwiftSample-SwiftSampleUITests.release.xcconfig */,
				E09332C22266BC9AA1F55693 /* Pods-SwiftSampleTests.debug.xcconfig */,
				2E86EED5F8A073BEBE9B8997 /* Pods-SwiftSampleTests.release.xcconfig */,
				9620B04170B9D763E90F225D /* Pods-SwiftSampleUITests.debug.xcconfig */,
				5AE085F7606FA1D002AE6585 /* Pods-SwiftSampleUITests.release.xcconfig */,
			);
			path = Pods;
			sourceTree = "<group>";
		};
		E1190A59E47F8E7A3AFF300A /* Frameworks */ = {
			isa = PBXGroup;
			children = (
				B983A0CF1FA0215452FF00DD /* Pods_SwiftSample.framework */,
				8186BAFCAB935D2D54212F4C /* libPods-SwiftSampleTests.a */,
				E1A4D9F8D710DB54376EC236 /* libPods-SwiftSampleUITests.a */,
			);
			name = Frameworks;
			sourceTree = "<group>";
		};
/* End PBXGroup section */

/* Begin PBXNativeTarget section */
		6F23EF622ED33CC500C5956E /* SwiftSample */ = {
			isa = PBXNativeTarget;
			buildConfigurationList = 6F23EF8D2ED33CC700C5956E /* Build configuration list for PBXNativeTarget "SwiftSample" */;
			buildPhases = (
				DF869FB3A7E8A96892616471 /* [CP] Check Pods Manifest.lock */,
				6F23EF5F2ED33CC500C5956E /* Sources */,
				6F23EF602ED33CC500C5956E /* Frameworks */,
				6F23EF612ED33CC500C5956E /* Resources */,
				2B4B568D98F4DF2B944E1E88 /* [CP] Embed Pods Frameworks */,
			);
			buildRules = (
			);
			dependencies = (
			);
			name = SwiftSample;
			productName = SwiftSample;
			productReference = 6F23EF632ED33CC500C5956E /* SwiftSample.app */;
			productType = "com.apple.product-type.application";
		};
		6F23EF782ED33CC700C5956E /* SwiftSampleTests */ = {
			isa = PBXNativeTarget;
			buildConfigurationList = 6F23EF902ED33CC700C5956E /* Build configuration list for PBXNativeTarget "SwiftSampleTests" */;
			buildPhases = (
				A0463C1745E32E283B3C3EB8 /* [CP] Check Pods Manifest.lock */,
				6F23EF752ED33CC700C5956E /* Sources */,
				6F23EF762ED33CC700C5956E /* Frameworks */,
				6F23EF772ED33CC700C5956E /* Resources */,
			);
			buildRules = (
			);
			dependencies = (
				6F23EF7B2ED33CC700C5956E /* PBXTargetDependency */,
			);
			name = SwiftSampleTests;
			productName = SwiftSampleTests;
			productReference = 6F23EF792ED33CC700C5956E /* SwiftSampleTests.xctest */;
			productType = "com.apple.product-type.bundle.unit-test";
		};
		6F23EF822ED33CC700C5956E /* SwiftSampleUITests */ = {
			isa = PBXNativeTarget;
			buildConfigurationList = 6F23EF932ED33CC700C5956E /* Build configuration list for PBXNativeTarget "SwiftSampleUITests" */;
			buildPhases = (
				38E4ED94639C31420B56F0D6 /* [CP] Check Pods Manifest.lock */,
				6F23EF7F2ED33CC700C5956E /* Sources */,
				6F23EF802ED33CC700C5956E /* Frameworks */,
				6F23EF812ED33CC700C5956E /* Resources */,
			);
			buildRules = (
			);
			dependencies = (
				6F23EF852ED33CC700C5956E /* PBXTargetDependency */,
			);
			name = SwiftSampleUITests;
			productName = SwiftSampleUITests;
			productReference = 6F23EF832ED33CC700C5956E /* SwiftSampleUITests.xctest */;
			productType = "com.apple.product-type.bundle.ui-testing";
		};
/* End PBXNativeTarget section */

/* Begin PBXProject section */
		6F23EF5B2ED33CC500C5956E /* Project object */ = {
			isa = PBXProject;
			attributes = {
				BuildIndependentTargetsInParallel = 1;
				LastSwiftUpdateCheck = 1300;
				LastUpgradeCheck = 1300;
				TargetAttributes = {
					6F23EF622ED33CC500C5956E = {
						CreatedOnToolsVersion = 13.0;
					};
					6F23EF782ED33CC700C5956E = {
						CreatedOnToolsVersion = 13.0;
						TestTargetID = 6F23EF622ED33CC500C5956E;
					};
					6F23EF822ED33CC700C5956E = {
						CreatedOnToolsVersion = 13.0;
						TestTargetID = 6F23EF622ED33CC500C5956E;
					};
				};
			};
			buildConfigurationList = 6F23EF5E2ED33CC500C5956E /* Build configuration list for PBXProject "SwiftSample" */;
			compatibilityVersion = "Xcode 13.0";
			developmentRegion = en;
			hasScannedForEncodings = 0;
			knownRegions = (
				en,
				Base,
			);
			mainGroup = 6F23EF5A2ED33CC500C5956E;
			productRefGroup = 6F23EF642ED33CC500C5956E /* Products */;
			projectDirPath = "";
			projectRoot = "";
			targets = (
				6F23EF622ED33CC500C5956E /* SwiftSample */,
				6F23EF782ED33CC700C5956E /* SwiftSampleTests */,
				6F23EF822ED33CC700C5956E /* SwiftSampleUITests */,
			);
		};
/* End PBXProject section */

/* Begin PBXResourcesBuildPhase section */
		6F23EF612ED33CC500C5956E /* Resources */ = {
			isa = PBXResourcesBuildPhase;
			buildActionMask = 2147483647;
			files = (
				6F23EF732ED33CC700C5956E /* LaunchScreen.storyboard in Resources */,
				6F23EF702ED33CC700C5956E /* Assets.xcassets in Resources */,
				6F23EF6E2ED33CC500C5956E /* Main.storyboard in Resources */,
			);
			runOnlyForDeploymentPostprocessing = 0;
		};
		6F23EF772ED33CC700C5956E /* Resources */ = {
			isa = PBXResourcesBuildPhase;
			buildActionMask = 2147483647;
			files = (
			);
			runOnlyForDeploymentPostprocessing = 0;
		};
		6F23EF812ED33CC700C5956E /* Resources */ = {
			isa = PBXResourcesBuildPhase;
			buildActionMask = 2147483647;
			files = (
			);
			runOnlyForDeploymentPostprocessing = 0;
		};
/* End PBXResourcesBuildPhase section */

/* Begin PBXShellScriptBuildPhase section */
		2B4B568D98F4DF2B944E1E88 /* [CP] Embed Pods Frameworks */ = {
			isa = PBXShellScriptBuildPhase;
			buildActionMask = 2147483647;
			files = (
			);
			inputFileListPaths = (
			);
			name = "[CP] Embed Pods Frameworks";
			outputFileListPaths = (
			);
			runOnlyForDeploymentPostprocessing = 0;
			shellPath = /bin/sh;
			shellScript = "\"${PODS_ROOT}/Target Support Files/Pods-SwiftSample/Pods-SwiftSample-frameworks.sh\"\n";
			showEnvVarsInLog = 0;
		};
		38E4ED94639C31420B56F0D6 /* [CP] Check Pods Manifest.lock */ = {
			isa = PBXShellScriptBuildPhase;
			buildActionMask = 2147483647;
			files = (
			);
			inputFileListPaths = (
			);
			inputPaths = (
				"${PODS_PODFILE_DIR_PATH}/Podfile.lock",
				"${PODS_ROOT}/Manifest.lock",
			);
			name = "[CP] Check Pods Manifest.lock";
			outputFileListPaths = (
			);
			outputPaths = (
				"$(DERIVED_FILE_DIR)/Pods-SwiftSampleUITests-checkManifestLockResult.txt",
			);
			runOnlyForDeploymentPostprocessing = 0;
			shellPath = /bin/sh;
			shellScript = "diff \"${PODS_PODFILE_DIR_PATH}/Podfile.lock\" \"${PODS_ROOT}/Manifest.lock\" > /dev/null\nif [ $? != 0 ] ; then\n    # print error to STDERR\n    echo \"error: The sandbox is not in sync with the Podfile.lock. Run 'pod install' or update your CocoaPods installation.\" >&2\n    exit 1\nfi\n# This output is used by Xcode 'outputs' to avoid re-running this script phase.\necho \"SUCCESS\" > \"${SCRIPT_OUTPUT_FILE_0}\"\n";
			showEnvVarsInLog = 0;
		};
		A0463C1745E32E283B3C3EB8 /* [CP] Check Pods Manifest.lock */ = {
			isa = PBXShellScriptBuildPhase;
			buildActionMask = 2147483647;
			files = (
			);
			inputFileListPaths = (
			);
			inputPaths = (
				"${PODS_PODFILE_DIR_PATH}/Podfile.lock",
				"${PODS_ROOT}/Manifest.lock",
			);
			name = "[CP] Check Pods Manifest.lock";
			outputFileListPaths = (
			);
			outputPaths = (
				"$(DERIVED_FILE_DIR)/Pods-SwiftSampleTests-checkManifestLockResult.txt",
			);
			runOnlyForDeploymentPostprocessing = 0;
			shellPath = /bin/sh;
			shellScript = "diff \"${PODS_PODFILE_DIR_PATH}/Podfile.lock\" \"${PODS_ROOT}/Manifest.lock\" > /dev/null\nif [ $? != 0 ] ; then\n    # print error to STDERR\n    echo \"error: The sandbox is not in sync with the Podfile.lock. Run 'pod install' or update your CocoaPods installation.\" >&2\n    exit 1\nfi\n# This output is used by Xcode 'outputs' to avoid re-running this script phase.\necho \"SUCCESS\" > \"${SCRIPT_OUTPUT_FILE_0}\"\n";
			showEnvVarsInLog = 0;
		};
		DF869FB3A7E8A96892616471 /* [CP] Check Pods Manifest.lock */ = {
			isa = PBXShellScriptBuildPhase;
			buildActionMask = 2147483647;
			files = (
			);
			inputFileListPaths = (
			);
			inputPaths = (
				"${PODS_PODFILE_DIR_PATH}/Podfile.lock",
				"${PODS_ROOT}/Manifest.lock",
			);
			name = "[CP] Check Pods Manifest.lock";
			outputFileListPaths = (
			);
			outputPaths = (
				"$(DERIVED_FILE_DIR)/Pods-SwiftSample-checkManifestLockResult.txt",
			);
			runOnlyForDeploymentPostprocessing = 0;
			shellPath = /bin/sh;
			shellScript = "diff \"${PODS_PODFILE_DIR_PATH}/Podfile.lock\" \"${PODS_ROOT}/Manifest.lock\" > /dev/null\nif [ $? != 0 ] ; then\n    # print error to STDERR\n    echo \"error: The sandbox is not in sync with the Podfile.lock. Run 'pod install' or update your CocoaPods installation.\" >&2\n    exit 1\nfi\n# This output is used by Xcode 'outputs' to avoid re-running this script phase.\necho \"SUCCESS\" > \"${SCRIPT_OUTPUT_FILE_0}\"\n";
			showEnvVarsInLog = 0;
		};
/* End PBXShellScriptBuildPhase section */

/* Begin PBXSourcesBuildPhase section */
		6F23EF5F2ED33CC500C5956E /* Sources */ = {
			isa = PBXSourcesBuildPhase;
			buildActionMask = 2147483647;
			files = (
				6F23EF6B2ED33CC500C5956E /* ViewController.swift in Sources */,
				6F23EF672ED33CC500C5956E /* AppDelegate.swift in Sources */,
				6F23EF9E2ED33F5100C5956E /* ProfileViewController.swift in Sources */,
				6F23EF9B2ED33F5100C5956E /* MainTabBarController.swift in Sources */,
				6F23EFA42ED33F5100C5956E /* HotViewController.swift in Sources */,
				6F23EF692ED33CC500C5956E /* SceneDelegate.swift in Sources */,
				6F23EFAF2ED35C4400C5956E /* HomeTableViewCell.swift in Sources */,
				6F23EFA12ED33F5100C5956E /* HomeViewController.swift in Sources */,
				6F23EFA72ED33F5100C5956E /* DiscoveryViewController.swift in Sources */,
			);
			runOnlyForDeploymentPostprocessing = 0;
		};
		6F23EF752ED33CC700C5956E /* Sources */ = {
			isa = PBXSourcesBuildPhase;
			buildActionMask = 2147483647;
			files = (
				6F23EFA52ED33F5100C5956E /* HotViewController.swift in Sources */,
				6F23EFA82ED33F5100C5956E /* DiscoveryViewController.swift in Sources */,
				6F23EF9F2ED33F5100C5956E /* ProfileViewController.swift in Sources */,
				6F23EF9C2ED33F5100C5956E /* MainTabBarController.swift in Sources */,
				6F23EF7E2ED33CC700C5956E /* SwiftSampleTests.swift in Sources */,
				6F23EFA22ED33F5100C5956E /* HomeViewController.swift in Sources */,
			);
			runOnlyForDeploymentPostprocessing = 0;
		};
		6F23EF7F2ED33CC700C5956E /* Sources */ = {
			isa = PBXSourcesBuildPhase;
			buildActionMask = 2147483647;
			files = (
				6F23EFA62ED33F5100C5956E /* HotViewController.swift in Sources */,
				6F23EFA32ED33F5100C5956E /* HomeViewController.swift in Sources */,
				6F23EF8A2ED33CC700C5956E /* SwiftSampleUITestsLaunchTests.swift in Sources */,
				6F23EFA92ED33F5100C5956E /* DiscoveryViewController.swift in Sources */,
				6F23EF882ED33CC700C5956E /* SwiftSampleUITests.swift in Sources */,
				6F23EFA02ED33F5100C5956E /* ProfileViewController.swift in Sources */,
				6F23EF9D2ED33F5100C5956E /* MainTabBarController.swift in Sources */,
			);
			runOnlyForDeploymentPostprocessing = 0;
		};
/* End PBXSourcesBuildPhase section */

/* Begin PBXTargetDependency section */
		6F23EF7B2ED33CC700C5956E /* PBXTargetDependency */ = {
			isa = PBXTargetDependency;
			target = 6F23EF622ED33CC500C5956E /* SwiftSample */;
			targetProxy = 6F23EF7A2ED33CC700C5956E /* PBXContainerItemProxy */;
		};
		6F23EF852ED33CC700C5956E /* PBXTargetDependency */ = {
			isa = PBXTargetDependency;
			target = 6F23EF622ED33CC500C5956E /* SwiftSample */;
			targetProxy = 6F23EF842ED33CC700C5956E /* PBXContainerItemProxy */;
		};
/* End PBXTargetDependency section */

/* Begin PBXVariantGroup section */
		6F23EF6C2ED33CC500C5956E /* Main.storyboard */ = {
			isa = PBXVariantGroup;
			children = (
				6F23EF6D2ED33CC500C5956E /* Base */,
			);
			name = Main.storyboard;
			sourceTree = "<group>";
		};
		6F23EF712ED33CC700C5956E /* LaunchScreen.storyboard */ = {
			isa = PBXVariantGroup;
			children = (
				6F23EF722ED33CC700C5956E /* Base */,
			);
			name = LaunchScreen.storyboard;
			sourceTree = "<group>";
		};
/* End PBXVariantGroup section */

/* Begin XCBuildConfiguration section */
		6F23EF8B2ED33CC700C5956E /* Debug */ = {
			isa = XCBuildConfiguration;
			buildSettings = {
				ALWAYS_SEARCH_USER_PATHS = NO;
				CLANG_ANALYZER_NONNULL = YES;
				CLANG_ANALYZER_NUMBER_OBJECT_CONVERSION = YES_AGGRESSIVE;
				CLANG_CXX_LANGUAGE_STANDARD = "gnu++17";
				CLANG_CXX_LIBRARY = "libc++";
				CLANG_ENABLE_MODULES = YES;
				CLANG_ENABLE_OBJC_ARC = YES;
				CLANG_ENABLE_OBJC_WEAK = YES;
				CLANG_WARN_BLOCK_CAPTURE_AUTORELEASING = YES;
				CLANG_WARN_BOOL_CONVERSION = YES;
				CLANG_WARN_COMMA = YES;
				CLANG_WARN_CONSTANT_CONVERSION = YES;
				CLANG_WARN_DEPRECATED_OBJC_IMPLEMENTATIONS = YES;
				CLANG_WARN_DIRECT_OBJC_ISA_USAGE = YES_ERROR;
				CLANG_WARN_DOCUMENTATION_COMMENTS = YES;
				CLANG_WARN_EMPTY_BODY = YES;
				CLANG_WARN_ENUM_CONVERSION = YES;
				CLANG_WARN_INFINITE_RECURSION = YES;
				CLANG_WARN_INT_CONVERSION = YES;
				CLANG_WARN_NON_LITERAL_NULL_CONVERSION = YES;
				CLANG_WARN_OBJC_IMPLICIT_RETAIN_SELF = YES;
				CLANG_WARN_OBJC_LITERAL_CONVERSION = YES;
				CLANG_WARN_OBJC_ROOT_CLASS = YES_ERROR;
				CLANG_WARN_QUOTED_INCLUDE_IN_FRAMEWORK_HEADER = YES;
				CLANG_WARN_RANGE_LOOP_ANALYSIS = YES;
				CLANG_WARN_STRICT_PROTOTYPES = YES;
				CLANG_WARN_SUSPICIOUS_MOVE = YES;
				CLANG_WARN_UNGUARDED_AVAILABILITY = YES_AGGRESSIVE;
				CLANG_WARN_UNREACHABLE_CODE = YES;
				CLANG_WARN__DUPLICATE_METHOD_MATCH = YES;
				COPY_PHASE_STRIP = NO;
				DEBUG_INFORMATION_FORMAT = dwarf;
				ENABLE_STRICT_OBJC_MSGSEND = YES;
				ENABLE_TESTABILITY = YES;
				GCC_C_LANGUAGE_STANDARD = gnu11;
				GCC_DYNAMIC_NO_PIC = NO;
				GCC_NO_COMMON_BLOCKS = YES;
				GCC_OPTIMIZATION_LEVEL = 0;
				GCC_PREPROCESSOR_DEFINITIONS = (
					"DEBUG=1",
					"$(inherited)",
				);
				GCC_WARN_64_TO_32_BIT_CONVERSION = YES;
				GCC_WARN_ABOUT_RETURN_TYPE = YES_ERROR;
				GCC_WARN_UNDECLARED_SELECTOR = YES;
				GCC_WARN_UNINITIALIZED_AUTOS = YES_AGGRESSIVE;
				GCC_WARN_UNUSED_FUNCTION = YES;
				GCC_WARN_UNUSED_VARIABLE = YES;
				IPHONEOS_DEPLOYMENT_TARGET = 15.0;
				MTL_ENABLE_DEBUG_INFO = INCLUDE_SOURCE;
				MTL_FAST_MATH = YES;
				ONLY_ACTIVE_ARCH = YES;
				SDKROOT = iphoneos;
				SWIFT_ACTIVE_COMPILATION_CONDITIONS = DEBUG;
				SWIFT_OPTIMIZATION_LEVEL = "-Onone";
			};
			name = Debug;
		};
		6F23EF8C2ED33CC700C5956E /* Release */ = {
			isa = XCBuildConfiguration;
			buildSettings = {
				ALWAYS_SEARCH_USER_PATHS = NO;
				CLANG_ANALYZER_NONNULL = YES;
				CLANG_ANALYZER_NUMBER_OBJECT_CONVERSION = YES_AGGRESSIVE;
				CLANG_CXX_LANGUAGE_STANDARD = "gnu++17";
				CLANG_CXX_LIBRARY = "libc++";
				CLANG_ENABLE_MODULES = YES;
				CLANG_ENABLE_OBJC_ARC = YES;
				CLANG_ENABLE_OBJC_WEAK = YES;
				CLANG_WARN_BLOCK_CAPTURE_AUTORELEASING = YES;
				CLANG_WARN_BOOL_CONVERSION = YES;
				CLANG_WARN_COMMA = YES;
				CLANG_WARN_CONSTANT_CONVERSION = YES;
				CLANG_WARN_DEPRECATED_OBJC_IMPLEMENTATIONS = YES;
				CLANG_WARN_DIRECT_OBJC_ISA_USAGE = YES_ERROR;
				CLANG_WARN_DOCUMENTATION_COMMENTS = YES;
				CLANG_WARN_EMPTY_BODY = YES;
				CLANG_WARN_ENUM_CONVERSION = YES;
				CLANG_WARN_INFINITE_RECURSION = YES;
				CLANG_WARN_INT_CONVERSION = YES;
				CLANG_WARN_NON_LITERAL_NULL_CONVERSION = YES;
				CLANG_WARN_OBJC_IMPLICIT_RETAIN_SELF = YES;
				CLANG_WARN_OBJC_LITERAL_CONVERSION = YES;
				CLANG_WARN_OBJC_ROOT_CLASS = YES_ERROR;
				CLANG_WARN_QUOTED_INCLUDE_IN_FRAMEWORK_HEADER = YES;
				CLANG_WARN_RANGE_LOOP_ANALYSIS = YES;
				CLANG_WARN_STRICT_PROTOTYPES = YES;
				CLANG_WARN_SUSPICIOUS_MOVE = YES;
				CLANG_WARN_UNGUARDED_AVAILABILITY = YES_AGGRESSIVE;
				CLANG_WARN_UNREACHABLE_CODE = YES;
				CLANG_WARN__DUPLICATE_METHOD_MATCH = YES;
				COPY_PHASE_STRIP = NO;
				DEBUG_INFORMATION_FORMAT = "dwarf-with-dsym";
				ENABLE_NS_ASSERTIONS = NO;
				ENABLE_STRICT_OBJC_MSGSEND = YES;
				GCC_C_LANGUAGE_STANDARD = gnu11;
				GCC_NO_COMMON_BLOCKS = YES;
				GCC_WARN_64_TO_32_BIT_CONVERSION = YES;
				GCC_WARN_ABOUT_RETURN_TYPE = YES_ERROR;
				GCC_WARN_UNDECLARED_SELECTOR = YES;
				GCC_WARN_UNINITIALIZED_AUTOS = YES_AGGRESSIVE;
				GCC_WARN_UNUSED_FUNCTION = YES;
				GCC_WARN_UNUSED_VARIABLE = YES;
				IPHONEOS_DEPLOYMENT_TARGET = 15.0;
				MTL_ENABLE_DEBUG_INFO = NO;
				MTL_FAST_MATH = YES;
				SDKROOT = iphoneos;
				SWIFT_COMPILATION_MODE = wholemodule;
				SWIFT_OPTIMIZATION_LEVEL = "-O";
				VALIDATE_PRODUCT = YES;
			};
			name = Release;
		};
		6F23EF8E2ED33CC700C5956E /* Debug */ = {
			isa = XCBuildConfiguration;
			baseConfigurationReference = 7A2115DB001A0B1538B209B6 /* Pods-SwiftSample.debug.xcconfig */;
			buildSettings = {
				ASSETCATALOG_COMPILER_APPICON_NAME = AppIcon;
				ASSETCATALOG_COMPILER_GLOBAL_ACCENT_COLOR_NAME = AccentColor;
				CODE_SIGN_STYLE = Automatic;
				CURRENT_PROJECT_VERSION = 1;
				DEVELOPMENT_TEAM = LHK6PK48JE;
				GENERATE_INFOPLIST_FILE = YES;
				INFOPLIST_FILE = SwiftSample/Info.plist;
				INFOPLIST_KEY_UIApplicationSupportsIndirectInputEvents = YES;
				INFOPLIST_KEY_UILaunchStoryboardName = LaunchScreen;
				INFOPLIST_KEY_UIMainStoryboardFile = Main;
				INFOPLIST_KEY_UISupportedInterfaceOrientations_iPad = "UIInterfaceOrientationPortrait UIInterfaceOrientationPortraitUpsideDown UIInterfaceOrientationLandscapeLeft UIInterfaceOrientationLandscapeRight";
				INFOPLIST_KEY_UISupportedInterfaceOrientations_iPhone = "UIInterfaceOrientationPortrait UIInterfaceOrientationLandscapeLeft UIInterfaceOrientationLandscapeRight";
				LD_RUNPATH_SEARCH_PATHS = (
					"$(inherited)",
					"@executable_path/Frameworks",
				);
				MARKETING_VERSION = 1.0;
				PRODUCT_BUNDLE_IDENTIFIER = com.wjw.SwiftSample;
				PRODUCT_NAME = "$(TARGET_NAME)";
				SWIFT_EMIT_LOC_STRINGS = YES;
				SWIFT_VERSION = 5.0;
				TARGETED_DEVICE_FAMILY = "1,2";
			};
			name = Debug;
		};
		6F23EF8F2ED33CC700C5956E /* Release */ = {
			isa = XCBuildConfiguration;
			baseConfigurationReference = 860DB12E4D8B9EF21BC6F7BC /* Pods-SwiftSample.release.xcconfig */;
			buildSettings = {
				ASSETCATALOG_COMPILER_APPICON_NAME = AppIcon;
				ASSETCATALOG_COMPILER_GLOBAL_ACCENT_COLOR_NAME = AccentColor;
				CODE_SIGN_STYLE = Automatic;
				CURRENT_PROJECT_VERSION = 1;
				DEVELOPMENT_TEAM = LHK6PK48JE;
				GENERATE_INFOPLIST_FILE = YES;
				INFOPLIST_FILE = SwiftSample/Info.plist;
				INFOPLIST_KEY_UIApplicationSupportsIndirectInputEvents = YES;
				INFOPLIST_KEY_UILaunchStoryboardName = LaunchScreen;
				INFOPLIST_KEY_UIMainStoryboardFile = Main;
				INFOPLIST_KEY_UISupportedInterfaceOrientations_iPad = "UIInterfaceOrientationPortrait UIInterfaceOrientationPortraitUpsideDown UIInterfaceOrientationLandscapeLeft UIInterfaceOrientationLandscapeRight";
				INFOPLIST_KEY_UISupportedInterfaceOrientations_iPhone = "UIInterfaceOrientationPortrait UIInterfaceOrientationLandscapeLeft UIInterfaceOrientationLandscapeRight";
				LD_RUNPATH_SEARCH_PATHS = (
					"$(inherited)",
					"@executable_path/Frameworks",
				);
				MARKETING_VERSION = 1.0;
				PRODUCT_BUNDLE_IDENTIFIER = com.wjw.SwiftSample;
				PRODUCT_NAME = "$(TARGET_NAME)";
				SWIFT_EMIT_LOC_STRINGS = YES;
				SWIFT_VERSION = 5.0;
				TARGETED_DEVICE_FAMILY = "1,2";
			};
			name = Release;
		};
		6F23EF912ED33CC700C5956E /* Debug */ = {
			isa = XCBuildConfiguration;
			baseConfigurationReference = E09332C22266BC9AA1F55693 /* Pods-SwiftSampleTests.debug.xcconfig */;
			buildSettings = {
				ALWAYS_EMBED_SWIFT_STANDARD_LIBRARIES = YES;
				BUNDLE_LOADER = "$(TEST_HOST)";
				CODE_SIGN_STYLE = Automatic;
				CURRENT_PROJECT_VERSION = 1;
				DEVELOPMENT_TEAM = LHK6PK48JE;
				GENERATE_INFOPLIST_FILE = YES;
				IPHONEOS_DEPLOYMENT_TARGET = 15.0;
				LD_RUNPATH_SEARCH_PATHS = (
					"$(inherited)",
					"@executable_path/Frameworks",
					"@loader_path/Frameworks",
				);
				MARKETING_VERSION = 1.0;
				PRODUCT_BUNDLE_IDENTIFIER = com.wjw.SwiftSampleTests;
				PRODUCT_NAME = "$(TARGET_NAME)";
				SWIFT_EMIT_LOC_STRINGS = NO;
				SWIFT_VERSION = 5.0;
				TARGETED_DEVICE_FAMILY = "1,2";
				TEST_HOST = "$(BUILT_PRODUCTS_DIR)/SwiftSample.app/SwiftSample";
			};
			name = Debug;
		};
		6F23EF922ED33CC700C5956E /* Release */ = {
			isa = XCBuildConfiguration;
			baseConfigurationReference = 2E86EED5F8A073BEBE9B8997 /* Pods-SwiftSampleTests.release.xcconfig */;
			buildSettings = {
				ALWAYS_EMBED_SWIFT_STANDARD_LIBRARIES = YES;
				BUNDLE_LOADER = "$(TEST_HOST)";
				CODE_SIGN_STYLE = Automatic;
				CURRENT_PROJECT_VERSION = 1;
				DEVELOPMENT_TEAM = LHK6PK48JE;
				GENERATE_INFOPLIST_FILE = YES;
				IPHONEOS_DEPLOYMENT_TARGET = 15.0;
				LD_RUNPATH_SEARCH_PATHS = (
					"$(inherited)",
					"@executable_path/Frameworks",
					"@loader_path/Frameworks",
				);
				MARKETING_VERSION = 1.0;
				PRODUCT_BUNDLE_IDENTIFIER = com.wjw.SwiftSampleTests;
				PRODUCT_NAME = "$(TARGET_NAME)";
				SWIFT_EMIT_LOC_STRINGS = NO;
				SWIFT_VERSION = 5.0;
				TARGETED_DEVICE_FAMILY = "1,2";
				TEST_HOST = "$(BUILT_PRODUCTS_DIR)/SwiftSample.app/SwiftSample";
			};
			name = Release;
		};
		6F23EF942ED33CC700C5956E /* Debug */ = {
			isa = XCBuildConfiguration;
			baseConfigurationReference = 9620B04170B9D763E90F225D /* Pods-SwiftSampleUITests.debug.xcconfig */;
			buildSettings = {
				ALWAYS_EMBED_SWIFT_STANDARD_LIBRARIES = YES;
				CODE_SIGN_STYLE = Automatic;
				CURRENT_PROJECT_VERSION = 1;
				DEVELOPMENT_TEAM = LHK6PK48JE;
				GENERATE_INFOPLIST_FILE = YES;
				LD_RUNPATH_SEARCH_PATHS = (
					"$(inherited)",
					"@executable_path/Frameworks",
					"@loader_path/Frameworks",
				);
				MARKETING_VERSION = 1.0;
				PRODUCT_BUNDLE_IDENTIFIER = com.wjw.SwiftSampleUITests;
				PRODUCT_NAME = "$(TARGET_NAME)";
				SWIFT_EMIT_LOC_STRINGS = NO;
				SWIFT_VERSION = 5.0;
				TARGETED_DEVICE_FAMILY = "1,2";
				TEST_TARGET_NAME = SwiftSample;
			};
			name = Debug;
		};
		6F23EF952ED33CC700C5956E /* Release */ = {
			isa = XCBuildConfiguration;
			baseConfigurationReference = 5AE085F7606FA1D002AE6585 /* Pods-SwiftSampleUITests.release.xcconfig */;
			buildSettings = {
				ALWAYS_EMBED_SWIFT_STANDARD_LIBRARIES = YES;
				CODE_SIGN_STYLE = Automatic;
				CURRENT_PROJECT_VERSION = 1;
				DEVELOPMENT_TEAM = LHK6PK48JE;
				GENERATE_INFOPLIST_FILE = YES;
				LD_RUNPATH_SEARCH_PATHS = (
					"$(inherited)",
					"@executable_path/Frameworks",
					"@loader_path/Frameworks",
				);
				MARKETING_VERSION = 1.0;
				PRODUCT_BUNDLE_IDENTIFIER = com.wjw.SwiftSampleUITests;
				PRODUCT_NAME = "$(TARGET_NAME)";
				SWIFT_EMIT_LOC_STRINGS = NO;
				SWIFT_VERSION = 5.0;
				TARGETED_DEVICE_FAMILY = "1,2";
				TEST_TARGET_NAME = SwiftSample;
			};
			name = Release;
		};
/* End XCBuildConfiguration section */

/* Begin XCConfigurationList section */
		6F23EF5E2ED33CC500C5956E /* Build configuration list for PBXProject "SwiftSample" */ = {
			isa = XCConfigurationList;
			buildConfigurations = (
				6F23EF8B2ED33CC700C5956E /* Debug */,
				6F23EF8C2ED33CC700C5956E /* Release */,
			);
			defaultConfigurationIsVisible = 0;
			defaultConfigurationName = Release;
		};
		6F23EF8D2ED33CC700C5956E /* Build configuration list for PBXNativeTarget "SwiftSample" */ = {
			isa = XCConfigurationList;
			buildConfigurations = (
				6F23EF8E2ED33CC700C5956E /* Debug */,
				6F23EF8F2ED33CC700C5956E /* Release */,
			);
			defaultConfigurationIsVisible = 0;
			defaultConfigurationName = Release;
		};
		6F23EF902ED33CC700C5956E /* Build configuration list for PBXNativeTarget "SwiftSampleTests" */ = {
			isa = XCConfigurationList;
			buildConfigurations = (
				6F23EF912ED33CC700C5956E /* Debug */,
				6F23EF922ED33CC700C5956E /* Release */,
			);
			defaultConfigurationIsVisible = 0;
			defaultConfigurationName = Release;
		};
		6F23EF932ED33CC700C5956E /* Build configuration list for PBXNativeTarget "SwiftSampleUITests" */ = {
			isa = XCConfigurationList;
			buildConfigurations = (
				6F23EF942ED33CC700C5956E /* Debug */,
				6F23EF952ED33CC700C5956E /* Release */,
			);
			defaultConfigurationIsVisible = 0;
			defaultConfigurationName = Release;
		};
/* End XCConfigurationList section */
	};
	rootObject = 6F23EF5B2ED33CC500C5956E /* Project object */;
}
